
Microsoft Visual Studio Solution File, Format Version 12.00
# Visual Studio Version 16
VisualStudioVersion = 16.0.30011.22
MinimumVisualStudioVersion = 10.0.40219.1
Project("{FAE04EC0-301F-11D3-BF4B-00C04F79EFBC}") = "GABC2020Nepal", "GABC2020Nepal\GABC2020Nepal.csproj", "{DDB0FE03-64DD-4A81-A463-0B49985D5FDC}"
EndProject
Global
	GlobalSection(SolutionConfigurationPlatforms) = preSolution
		Debug|Any CPU = Debug|Any CPU
		Release|Any CPU = Release|Any CPU
	EndGlobalSection
	GlobalSection(ProjectConfigurationPlatforms) = postSolution
		{DDB0FE03-64DD-4A81-A463-0B49985D5FDC}.Debug|Any CPU.ActiveCfg = Debug|Any CPU
		{DDB0FE03-64DD-4A81-A463-0B49985D5FDC}.Debug|Any CPU.Build.0 = Debug|Any CPU
		{DDB0FE03-64DD-4A81-A463-0B49985D5FDC}.Release|Any CPU.ActiveCfg = Release|Any CPU
		{DDB0FE03-64DD-4A81-A463-0B49985D5FDC}.Release|Any CPU.Build.0 = Release|Any CPU
	EndGlobalSection
	GlobalSection(SolutionProperties) = preSolution
		HideSolutionNode = FALSE
	EndGlobalSection
	GlobalSection(ExtensibilityGlobals) = postSolution
		SolutionGuid = {D20498E5-3E47-4E96-8D72-5D92DBE5B1F5}
	EndGlobalSection
EndGlobal
